
Microsoft Visual Studio Solution File, Format Version 12.00
# Visual Studio Version 17
VisualStudioVersion = 17.13.35913.81 d17.13
MinimumVisualStudioVersion = 10.0.40219.1
Project("{FAE04EC0-301F-11D3-BF4B-00C04F79EFBC}") = "SchoolWebApp", "SchoolWebApp.csproj", "{A9564397-4FA7-4907-895E-FF6ADFCE186E}"
EndProject
Global
	GlobalSection(SolutionConfigurationPlatforms) = preSolution
		Debug|Any CPU = Debug|Any CPU
		Release|Any CPU = Release|Any CPU
	EndGlobalSection
	GlobalSection(ProjectConfigurationPlatforms) = postSolution
		{A9564397-4FA7-4907-895E-FF6ADFCE186E}.Debug|Any CPU.ActiveCfg = Debug|Any CPU
		{A9564397-4FA7-4907-895E-FF6ADFCE186E}.Debug|Any CPU.Build.0 = Debug|Any CPU
		{A9564397-4FA7-4907-895E-FF6ADFCE186E}.Release|Any CPU.ActiveCfg = Release|Any CPU
		{A9564397-4FA7-4907-895E-FF6ADFCE186E}.Release|Any CPU.Build.0 = Release|Any CPU
	EndGlobalSection
	GlobalSection(SolutionProperties) = preSolution
		HideSolutionNode = FALSE
	EndGlobalSection
	GlobalSection(ExtensibilityGlobals) = postSolution
		SolutionGuid = {8169C40F-F86F-433A-B207-EA1176201673}
	EndGlobalSection
EndGlobal
